
Microsoft Visual Studio Solution File, Format Version 12.00
# Visual Studio Version 17
VisualStudioVersion = 17.6.33829.357
MinimumVisualStudioVersion = 10.0.40219.1
Project("{FAE04EC0-301F-11D3-BF4B-00C04F79EFBC}") = "ServerMultiTenant", "ServerMultiTenant\ServerMultiTenant.csproj", "{82A3C282-B23C-451C-BEA7-FC2DB5F93C63}"
EndProject
Global
	GlobalSection(SolutionConfigurationPlatforms) = preSolution
		Debug|Any CPU = Debug|Any CPU
		Release|Any CPU = Release|Any CPU
	EndGlobalSection
	GlobalSection(ProjectConfigurationPlatforms) = postSolution
		{82A3C282-B23C-451C-BEA7-FC2DB5F93C63}.Debug|Any CPU.ActiveCfg = Debug|Any CPU
		{82A3C282-B23C-451C-BEA7-FC2DB5F93C63}.Debug|Any CPU.Build.0 = Debug|Any CPU
		{82A3C282-B23C-451C-BEA7-FC2DB5F93C63}.Release|Any CPU.ActiveCfg = Release|Any CPU
		{82A3C282-B23C-451C-BEA7-FC2DB5F93C63}.Release|Any CPU.Build.0 = Release|Any CPU
	EndGlobalSection
	GlobalSection(SolutionProperties) = preSolution
		HideSolutionNode = FALSE
	EndGlobalSection
	GlobalSection(ExtensibilityGlobals) = postSolution
		SolutionGuid = {98C649E5-6623-4965-861E-94A8183F7B19}
	EndGlobalSection
EndGlobal
